
Microsoft Visual Studio Solution File, Format Version 12.00
# Visual Studio Version 17
VisualStudioVersion = 17.11.35222.181
MinimumVisualStudioVersion = 10.0.40219.1
Project("{FAE04EC0-301F-11D3-BF4B-00C04F79EFBC}") = "Collection_Icomparer_Icomparable_Assignment_231024", "Collection_Icomparer_Icomparable_Assignment_231024\Collection_Icomparer_Icomparable_Assignment_231024.csproj", "{35C4D26E-C534-4CB5-89DD-A180C214443A}"
EndProject
Global
	GlobalSection(SolutionConfigurationPlatforms) = preSolution
		Debug|Any CPU = Debug|Any CPU
		Release|Any CPU = Release|Any CPU
	EndGlobalSection
	GlobalSection(ProjectConfigurationPlatforms) = postSolution
		{35C4D26E-C534-4CB5-89DD-A180C214443A}.Debug|Any CPU.ActiveCfg = Debug|Any CPU
		{35C4D26E-C534-4CB5-89DD-A180C214443A}.Debug|Any CPU.Build.0 = Debug|Any CPU
		{35C4D26E-C534-4CB5-89DD-A180C214443A}.Release|Any CPU.ActiveCfg = Release|Any CPU
		{35C4D26E-C534-4CB5-89DD-A180C214443A}.Release|Any CPU.Build.0 = Release|Any CPU
	EndGlobalSection
	GlobalSection(SolutionProperties) = preSolution
		HideSolutionNode = FALSE
	EndGlobalSection
	GlobalSection(ExtensibilityGlobals) = postSolution
		SolutionGuid = {08288FDB-7DA7-4958-94A7-62F738E964F0}
	EndGlobalSection
EndGlobal
